
Microsoft Visual Studio Solution File, Format Version 12.00
# Visual Studio Version 16
VisualStudioVersion = 16.0.30804.86
MinimumVisualStudioVersion = 10.0.40219.1
Project("{FAE04EC0-301F-11D3-BF4B-00C04F79EFBC}") = "LearnEFCore5", "LearnEFCore5\LearnEFCore5.csproj", "{A1428136-B2DB-4EAA-9F83-3DDFE46973E2}"
EndProject
Global
	GlobalSection(SolutionConfigurationPlatforms) = preSolution
		Debug|Any CPU = Debug|Any CPU
		Release|Any CPU = Release|Any CPU
	EndGlobalSection
	GlobalSection(ProjectConfigurationPlatforms) = postSolution
		{A1428136-B2DB-4EAA-9F83-3DDFE46973E2}.Debug|Any CPU.ActiveCfg = Debug|Any CPU
		{A1428136-B2DB-4EAA-9F83-3DDFE46973E2}.Debug|Any CPU.Build.0 = Debug|Any CPU
		{A1428136-B2DB-4EAA-9F83-3DDFE46973E2}.Release|Any CPU.ActiveCfg = Release|Any CPU
		{A1428136-B2DB-4EAA-9F83-3DDFE46973E2}.Release|Any CPU.Build.0 = Release|Any CPU
	EndGlobalSection
	GlobalSection(SolutionProperties) = preSolution
		HideSolutionNode = FALSE
	EndGlobalSection
	GlobalSection(ExtensibilityGlobals) = postSolution
		SolutionGuid = {BAA96E4C-C753-4F4E-9360-B7AC3806CCD5}
	EndGlobalSection
EndGlobal
